
Microsoft Visual Studio Solution File, Format Version 12.00
Project("{FAE04EC0-301F-11D3-BF4B-00C04F79EFBC}") = "DecoratorPatternExample", "DecoratorPatternExample\DecoratorPatternExample.csproj", "{2B54116F-676E-4E22-BAFB-9F38AD42CD7B}"
EndProject
Global
	GlobalSection(SolutionConfigurationPlatforms) = preSolution
		Debug|Any CPU = Debug|Any CPU
		Release|Any CPU = Release|Any CPU
	EndGlobalSection
	GlobalSection(ProjectConfigurationPlatforms) = postSolution
		{2B54116F-676E-4E22-BAFB-9F38AD42CD7B}.Debug|Any CPU.ActiveCfg = Debug|Any CPU
		{2B54116F-676E-4E22-BAFB-9F38AD42CD7B}.Debug|Any CPU.Build.0 = Debug|Any CPU
		{2B54116F-676E-4E22-BAFB-9F38AD42CD7B}.Release|Any CPU.ActiveCfg = Release|Any CPU
		{2B54116F-676E-4E22-BAFB-9F38AD42CD7B}.Release|Any CPU.Build.0 = Release|Any CPU
	EndGlobalSection
EndGlobal
